
Microsoft Visual Studio Solution File, Format Version 12.00
# Visual Studio 2013
VisualStudioVersion = 12.0.30110.0
MinimumVisualStudioVersion = 10.0.40219.1
Project("{FAE04EC0-301F-11D3-BF4B-00C04F79EFBC}") = "cfexewcftest", "cfexewcftest\cfexewcftest.csproj", "{39088F7A-67DC-47EF-B57E-0103BB6E6784}"
EndProject
Global
	GlobalSection(SolutionConfigurationPlatforms) = preSolution
		Debug|Any CPU = Debug|Any CPU
		Release|Any CPU = Release|Any CPU
	EndGlobalSection
	GlobalSection(ProjectConfigurationPlatforms) = postSolution
		{39088F7A-67DC-47EF-B57E-0103BB6E6784}.Debug|Any CPU.ActiveCfg = Debug|Any CPU
		{39088F7A-67DC-47EF-B57E-0103BB6E6784}.Debug|Any CPU.Build.0 = Debug|Any CPU
		{39088F7A-67DC-47EF-B57E-0103BB6E6784}.Release|Any CPU.ActiveCfg = Release|Any CPU
		{39088F7A-67DC-47EF-B57E-0103BB6E6784}.Release|Any CPU.Build.0 = Release|Any CPU
	EndGlobalSection
	GlobalSection(SolutionProperties) = preSolution
		HideSolutionNode = FALSE
	EndGlobalSection
EndGlobal
